
Microsoft Visual Studio Solution File, Format Version 12.00
# Visual Studio Version 16
VisualStudioVersion = 16.0.30523.141
MinimumVisualStudioVersion = 10.0.40219.1
Project("{9A19103F-16F7-4668-BE54-9A1E7A4F7556}") = "DebuggingPlains", "DebuggingPlains\DebuggingPlains.csproj", "{AEF95F06-2321-4B55-B898-5F37CCD588B8}"
EndProject
Global
	GlobalSection(SolutionConfigurationPlatforms) = preSolution
		Debug|Any CPU = Debug|Any CPU
		Release|Any CPU = Release|Any CPU
	EndGlobalSection
	GlobalSection(ProjectConfigurationPlatforms) = postSolution
		{AEF95F06-2321-4B55-B898-5F37CCD588B8}.Debug|Any CPU.ActiveCfg = Debug|Any CPU
		{AEF95F06-2321-4B55-B898-5F37CCD588B8}.Debug|Any CPU.Build.0 = Debug|Any CPU
		{AEF95F06-2321-4B55-B898-5F37CCD588B8}.Release|Any CPU.ActiveCfg = Release|Any CPU
		{AEF95F06-2321-4B55-B898-5F37CCD588B8}.Release|Any CPU.Build.0 = Release|Any CPU
	EndGlobalSection
	GlobalSection(SolutionProperties) = preSolution
		HideSolutionNode = FALSE
	EndGlobalSection
	GlobalSection(ExtensibilityGlobals) = postSolution
		SolutionGuid = {F9E8D8DB-49D3-4922-8009-639567F8A6CA}
	EndGlobalSection
EndGlobal
